
Microsoft Visual Studio Solution File, Format Version 12.00
# Visual Studio 15
VisualStudioVersion = 15.0.28307.136
MinimumVisualStudioVersion = 10.0.40219.1
Project("{FAE04EC0-301F-11D3-BF4B-00C04F79EFBC}") = "AppClient", "AppClient\AppClient.csproj", "{78798A9E-DBE9-4B20-9902-F3E1E4C6C1B3}"
EndProject
Project("{FAE04EC0-301F-11D3-BF4B-00C04F79EFBC}") = "ProcessingJob", "ProcessingJob\ProcessingJob.csproj", "{BC0DFA92-8FAF-4E96-8BA5-1106C31AACB1}"
EndProject
Project("{FAE04EC0-301F-11D3-BF4B-00C04F79EFBC}") = "MobileAppClient.Android", "MobileAppClient\MobileAppClient.Android\MobileAppClient.Android.csproj", "{BF643632-D61F-41C6-89AB-57202E30B1F7}"
EndProject
Project("{FAE04EC0-301F-11D3-BF4B-00C04F79EFBC}") = "MobileAppClient.iOS", "MobileAppClient\MobileAppClient.iOS\MobileAppClient.iOS.csproj", "{7208ED62-A773-4D11-B54D-3CDAA910B0D7}"
EndProject
Project("{FAE04EC0-301F-11D3-BF4B-00C04F79EFBC}") = "MobileAppClient.UWP", "MobileAppClient\MobileAppClient.UWP\MobileAppClient.UWP.csproj", "{80016A20-C1BC-4577-8ADE-DEF590032993}"
EndProject
Project("{FAE04EC0-301F-11D3-BF4B-00C04F79EFBC}") = "MobileAppClient", "MobileAppClient\MobileAppClient\MobileAppClient.csproj", "{4E33D1AC-7A85-469B-B3FF-93FAB0FFC50B}"
EndProject
Global
	GlobalSection(SolutionConfigurationPlatforms) = preSolution
		Ad-Hoc|Any CPU = Ad-Hoc|Any CPU
		Ad-Hoc|ARM = Ad-Hoc|ARM
		Ad-Hoc|iPhone = Ad-Hoc|iPhone
		Ad-Hoc|iPhoneSimulator = Ad-Hoc|iPhoneSimulator
		Ad-Hoc|x64 = Ad-Hoc|x64
		Ad-Hoc|x86 = Ad-Hoc|x86
		AppStore|Any CPU = AppStore|Any CPU
		AppStore|ARM = AppStore|ARM
		AppStore|iPhone = AppStore|iPhone
		AppStore|iPhoneSimulator = AppStore|iPhoneSimulator
		AppStore|x64 = AppStore|x64
		AppStore|x86 = AppStore|x86
		Debug|Any CPU = Debug|Any CPU
		Debug|ARM = Debug|ARM
		Debug|iPhone = Debug|iPhone
		Debug|iPhoneSimulator = Debug|iPhoneSimulator
		Debug|x64 = Debug|x64
		Debug|x86 = Debug|x86
		Release|Any CPU = Release|Any CPU
		Release|ARM = Release|ARM
		Release|iPhone = Release|iPhone
		Release|iPhoneSimulator = Release|iPhoneSimulator
		Release|x64 = Release|x64
		Release|x86 = Release|x86
	EndGlobalSection
	GlobalSection(ProjectConfigurationPlatforms) = postSolution
		{78798A9E-DBE9-4B20-9902-F3E1E4C6C1B3}.Ad-Hoc|Any CPU.ActiveCfg = Release|Any CPU
		{78798A9E-DBE9-4B20-9902-F3E1E4C6C1B3}.Ad-Hoc|Any CPU.Build.0 = Release|Any CPU
		{78798A9E-DBE9-4B20-9902-F3E1E4C6C1B3}.Ad-Hoc|ARM.ActiveCfg = Release|Any CPU
		{78798A9E-DBE9-4B20-9902-F3E1E4C6C1B3}.Ad-Hoc|ARM.Build.0 = Release|Any CPU
		{78798A9E-DBE9-4B20-9902-F3E1E4C6C1B3}.Ad-Hoc|iPhone.ActiveCfg = Release|Any CPU
		{78798A9E-DBE9-4B20-9902-F3E1E4C6C1B3}.Ad-Hoc|iPhone.Build.0 = Release|Any CPU
		{78798A9E-DBE9-4B20-9902-F3E1E4C6C1B3}.Ad-Hoc|iPhoneSimulator.ActiveCfg = Release|Any CPU
		{78798A9E-DBE9-4B20-9902-F3E1E4C6C1B3}.Ad-Hoc|iPhoneSimulator.Build.0 = Release|Any CPU
		{78798A9E-DBE9-4B20-9902-F3E1E4C6C1B3}.Ad-Hoc|x64.ActiveCfg = Release|Any CPU
		{78798A9E-DBE9-4B20-9902-F3E1E4C6C1B3}.Ad-Hoc|x64.Build.0 = Release|Any CPU
		{78798A9E-DBE9-4B20-9902-F3E1E4C6C1B3}.Ad-Hoc|x86.ActiveCfg = Release|Any CPU
		{78798A9E-DBE9-4B20-9902-F3E1E4C6C1B3}.Ad-Hoc|x86.Build.0 = Release|Any CPU
		{78798A9E-DBE9-4B20-9902-F3E1E4C6C1B3}.AppStore|Any CPU.ActiveCfg = Release|Any CPU
		{78798A9E-DBE9-4B20-9902-F3E1E4C6C1B3}.AppStore|Any CPU.Build.0 = Release|Any CPU
		{78798A9E-DBE9-4B20-9902-F3E1E4C6C1B3}.AppStore|ARM.ActiveCfg = Release|Any CPU
		{78798A9E-DBE9-4B20-9902-F3E1E4C6C1B3}.AppStore|ARM.Build.0 = Release|Any CPU
		{78798A9E-DBE9-4B20-9902-F3E1E4C6C1B3}.AppStore|iPhone.ActiveCfg = Release|Any CPU
		{78798A9E-DBE9-4B20-9902-F3E1E4C6C1B3}.AppStore|iPhone.Build.0 = Release|Any CPU
		{78798A9E-DBE9-4B20-9902-F3E1E4C6C1B3}.AppStore|iPhoneSimulator.ActiveCfg = Release|Any CPU
		{78798A9E-DBE9-4B20-9902-F3E1E4C6C1B3}.AppStore|iPhoneSimulator.Build.0 = Release|Any CPU
		{78798A9E-DBE9-4B20-9902-F3E1E4C6C1B3}.AppStore|x64.ActiveCfg = Release|Any CPU
		{78798A9E-DBE9-4B20-9902-F3E1E4C6C1B3}.AppStore|x64.Build.0 = Release|Any CPU
		{78798A9E-DBE9-4B20-9902-F3E1E4C6C1B3}.AppStore|x86.ActiveCfg = Release|Any CPU
		{78798A9E-DBE9-4B20-9902-F3E1E4C6C1B3}.AppStore|x86.Build.0 = Release|Any CPU
		{78798A9E-DBE9-4B20-9902-F3E1E4C6C1B3}.Debug|Any CPU.ActiveCfg = Debug|Any CPU
		{78798A9E-DBE9-4B20-9902-F3E1E4C6C1B3}.Debug|Any CPU.Build.0 = Debug|Any CPU
		{78798A9E-DBE9-4B20-9902-F3E1E4C6C1B3}.Debug|ARM.ActiveCfg = Debug|Any CPU
		{78798A9E-DBE9-4B20-9902-F3E1E4C6C1B3}.Debug|ARM.Build.0 = Debug|Any CPU
		{78798A9E-DBE9-4B20-9902-F3E1E4C6C1B3}.Debug|iPhone.ActiveCfg = Debug|Any CPU
		{78798A9E-DBE9-4B20-9902-F3E1E4C6C1B3}.Debug|iPhone.Build.0 = Debug|Any CPU
		{78798A9E-DBE9-4B20-9902-F3E1E4C6C1B3}.Debug|iPhoneSimulator.ActiveCfg = Debug|Any CPU
		{78798A9E-DBE9-4B20-9902-F3E1E4C6C1B3}.Debug|iPhoneSimulator.Build.0 = Debug|Any CPU
		{78798A9E-DBE9-4B20-9902-F3E1E4C6C1B3}.Debug|x64.ActiveCfg = Debug|Any CPU
		{78798A9E-DBE9-4B20-9902-F3E1E4C6C1B3}.Debug|x64.Build.0 = Debug|Any CPU
		{78798A9E-DBE9-4B20-9902-F3E1E4C6C1B3}.Debug|x86.ActiveCfg = Debug|Any CPU
		{78798A9E-DBE9-4B20-9902-F3E1E4C6C1B3}.Debug|x86.Build.0 = Debug|Any CPU
		{78798A9E-DBE9-4B20-9902-F3E1E4C6C1B3}.Release|Any CPU.ActiveCfg = Release|Any CPU
		{78798A9E-DBE9-4B20-9902-F3E1E4C6C1B3}.Release|Any CPU.Build.0 = Release|Any CPU
		{78798A9E-DBE9-4B20-9902-F3E1E4C6C1B3}.Release|ARM.ActiveCfg = Release|Any CPU
		{78798A9E-DBE9-4B20-9902-F3E1E4C6C1B3}.Release|ARM.Build.0 = Release|Any CPU
		{78798A9E-DBE9-4B20-9902-F3E1E4C6C1B3}.Release|iPhone.ActiveCfg = Release|Any CPU
		{78798A9E-DBE9-4B20-9902-F3E1E4C6C1B3}.Release|iPhone.Build.0 = Release|Any CPU
		{78798A9E-DBE9-4B20-9902-F3E1E4C6C1B3}.Release|iPhoneSimulator.ActiveCfg = Release|Any CPU
		{78798A9E-DBE9-4B20-9902-F3E1E4C6C1B3}.Release|iPhoneSimulator.Build.0 = Release|Any CPU
		{78798A9E-DBE9-4B20-9902-F3E1E4C6C1B3}.Release|x64.ActiveCfg = Release|Any CPU
		{78798A9E-DBE9-4B20-9902-F3E1E4C6C1B3}.Release|x64.Build.0 = Release|Any CPU
		{78798A9E-DBE9-4B20-9902-F3E1E4C6C1B3}.Release|x86.ActiveCfg = Release|Any CPU
		{78798A9E-DBE9-4B20-9902-F3E1E4C6C1B3}.Release|x86.Build.0 = Release|Any CPU
		{BC0DFA92-8FAF-4E96-8BA5-1106C31AACB1}.Ad-Hoc|Any CPU.ActiveCfg = Release|Any CPU
		{BC0DFA92-8FAF-4E96-8BA5-1106C31AACB1}.Ad-Hoc|Any CPU.Build.0 = Release|Any CPU
		{BC0DFA92-8FAF-4E96-8BA5-1106C31AACB1}.Ad-Hoc|ARM.ActiveCfg = Release|Any CPU
		{BC0DFA92-8FAF-4E96-8BA5-1106C31AACB1}.Ad-Hoc|ARM.Build.0 = Release|Any CPU
		{BC0DFA92-8FAF-4E96-8BA5-1106C31AACB1}.Ad-Hoc|iPhone.ActiveCfg = Release|Any CPU
		{BC0DFA92-8FAF-4E96-8BA5-1106C31AACB1}.Ad-Hoc|iPhone.Build.0 = Release|Any CPU
		{BC0DFA92-8FAF-4E96-8BA5-1106C31AACB1}.Ad-Hoc|iPhoneSimulator.ActiveCfg = Release|Any CPU
		{BC0DFA92-8FAF-4E96-8BA5-1106C31AACB1}.Ad-Hoc|iPhoneSimulator.Build.0 = Release|Any CPU
		{BC0DFA92-8FAF-4E96-8BA5-1106C31AACB1}.Ad-Hoc|x64.ActiveCfg = Release|Any CPU
		{BC0DFA92-8FAF-4E96-8BA5-1106C31AACB1}.Ad-Hoc|x64.Build.0 = Release|Any CPU
		{BC0DFA92-8FAF-4E96-8BA5-1106C31AACB1}.Ad-Hoc|x86.ActiveCfg = Release|Any CPU
		{BC0DFA92-8FAF-4E96-8BA5-1106C31AACB1}.Ad-Hoc|x86.Build.0 = Release|Any CPU
		{BC0DFA92-8FAF-4E96-8BA5-1106C31AACB1}.AppStore|Any CPU.ActiveCfg = Release|Any CPU
		{BC0DFA92-8FAF-4E96-8BA5-1106C31AACB1}.AppStore|Any CPU.Build.0 = Release|Any CPU
		{BC0DFA92-8FAF-4E96-8BA5-1106C31AACB1}.AppStore|ARM.ActiveCfg = Release|Any CPU
		{BC0DFA92-8FAF-4E96-8BA5-1106C31AACB1}.AppStore|ARM.Build.0 = Release|Any CPU
		{BC0DFA92-8FAF-4E96-8BA5-1106C31AACB1}.AppStore|iPhone.ActiveCfg = Release|Any CPU
		{BC0DFA92-8FAF-4E96-8BA5-1106C31AACB1}.AppStore|iPhone.Build.0 = Release|Any CPU
		{BC0DFA92-8FAF-4E96-8BA5-1106C31AACB1}.AppStore|iPhoneSimulator.ActiveCfg = Release|Any CPU
		{BC0DFA92-8FAF-4E96-8BA5-1106C31AACB1}.AppStore|iPhoneSimulator.Build.0 = Release|Any CPU
		{BC0DFA92-8FAF-4E96-8BA5-1106C31AACB1}.AppStore|x64.ActiveCfg = Release|Any CPU
		{BC0DFA92-8FAF-4E96-8BA5-1106C31AACB1}.AppStore|x64.Build.0 = Release|Any CPU
		{BC0DFA92-8FAF-4E96-8BA5-1106C31AACB1}.AppStore|x86.ActiveCfg = Release|Any CPU
		{BC0DFA92-8FAF-4E96-8BA5-1106C31AACB1}.AppStore|x86.Build.0 = Release|Any CPU
		{BC0DFA92-8FAF-4E96-8BA5-1106C31AACB1}.Debug|Any CPU.ActiveCfg = Debug|Any CPU
		{BC0DFA92-8FAF-4E96-8BA5-1106C31AACB1}.Debug|Any CPU.Build.0 = Debug|Any CPU
		{BC0DFA92-8FAF-4E96-8BA5-1106C31AACB1}.Debug|ARM.ActiveCfg = Debug|Any CPU
		{BC0DFA92-8FAF-4E96-8BA5-1106C31AACB1}.Debug|ARM.Build.0 = Debug|Any CPU
		{BC0DFA92-8FAF-4E96-8BA5-1106C31AACB1}.Debug|iPhone.ActiveCfg = Debug|Any CPU
		{BC0DFA92-8FAF-4E96-8BA5-1106C31AACB1}.Debug|iPhone.Build.0 = Debug|Any CPU
		{BC0DFA92-8FAF-4E96-8BA5-1106C31AACB1}.Debug|iPhoneSimulator.ActiveCfg = Debug|Any CPU
		{BC0DFA92-8FAF-4E96-8BA5-1106C31AACB1}.Debug|iPhoneSimulator.Build.0 = Debug|Any CPU
		{BC0DFA92-8FAF-4E96-8BA5-1106C31AACB1}.Debug|x64.ActiveCfg = Debug|Any CPU
		{BC0DFA92-8FAF-4E96-8BA5-1106C31AACB1}.Debug|x64.Build.0 = Debug|Any CPU
		{BC0DFA92-8FAF-4E96-8BA5-1106C31AACB1}.Debug|x86.ActiveCfg = Debug|Any CPU
		{BC0DFA92-8FAF-4E96-8BA5-1106C31AACB1}.Debug|x86.Build.0 = Debug|Any CPU
		{BC0DFA92-8FAF-4E96-8BA5-1106C31AACB1}.Release|Any CPU.ActiveCfg = Release|Any CPU
		{BC0DFA92-8FAF-4E96-8BA5-1106C31AACB1}.Release|Any CPU.Build.0 = Release|Any CPU
		{BC0DFA92-8FAF-4E96-8BA5-1106C31AACB1}.Release|ARM.ActiveCfg = Release|Any CPU
		{BC0DFA92-8FAF-4E96-8BA5-1106C31AACB1}.Release|ARM.Build.0 = Release|Any CPU
		{BC0DFA92-8FAF-4E96-8BA5-1106C31AACB1}.Release|iPhone.ActiveCfg = Release|Any CPU
		{BC0DFA92-8FAF-4E96-8BA5-1106C31AACB1}.Release|iPhone.Build.0 = Release|Any CPU
		{BC0DFA92-8FAF-4E96-8BA5-1106C31AACB1}.Release|iPhoneSimulator.ActiveCfg = Release|Any CPU
		{BC0DFA92-8FAF-4E96-8BA5-1106C31AACB1}.Release|iPhoneSimulator.Build.0 = Release|Any CPU
		{BC0DFA92-8FAF-4E96-8BA5-1106C31AACB1}.Release|x64.ActiveCfg = Release|Any CPU
		{BC0DFA92-8FAF-4E96-8BA5-1106C31AACB1}.Release|x64.Build.0 = Release|Any CPU
		{BC0DFA92-8FAF-4E96-8BA5-1106C31AACB1}.Release|x86.ActiveCfg = Release|Any CPU
		{BC0DFA92-8FAF-4E96-8BA5-1106C31AACB1}.Release|x86.Build.0 = Release|Any CPU
		{BF643632-D61F-41C6-89AB-57202E30B1F7}.Ad-Hoc|Any CPU.ActiveCfg = Release|Any CPU
		{BF643632-D61F-41C6-89AB-57202E30B1F7}.Ad-Hoc|Any CPU.Build.0 = Release|Any CPU
		{BF643632-D61F-41C6-89AB-57202E30B1F7}.Ad-Hoc|Any CPU.Deploy.0 = Release|Any CPU
		{BF643632-D61F-41C6-89AB-57202E30B1F7}.Ad-Hoc|ARM.ActiveCfg = Release|Any CPU
		{BF643632-D61F-41C6-89AB-57202E30B1F7}.Ad-Hoc|ARM.Build.0 = Release|Any CPU
		{BF643632-D61F-41C6-89AB-57202E30B1F7}.Ad-Hoc|ARM.Deploy.0 = Release|Any CPU
		{BF643632-D61F-41C6-89AB-57202E30B1F7}.Ad-Hoc|iPhone.ActiveCfg = Release|Any CPU
		{BF643632-D61F-41C6-89AB-57202E30B1F7}.Ad-Hoc|iPhone.Build.0 = Release|Any CPU
		{BF643632-D61F-41C6-89AB-57202E30B1F7}.Ad-Hoc|iPhone.Deploy.0 = Release|Any CPU
		{BF643632-D61F-41C6-89AB-57202E30B1F7}.Ad-Hoc|iPhoneSimulator.ActiveCfg = Release|Any CPU
		{BF643632-D61F-41C6-89AB-57202E30B1F7}.Ad-Hoc|iPhoneSimulator.Build.0 = Release|Any CPU
		{BF643632-D61F-41C6-89AB-57202E30B1F7}.Ad-Hoc|iPhoneSimulator.Deploy.0 = Release|Any CPU
		{BF643632-D61F-41C6-89AB-57202E30B1F7}.Ad-Hoc|x64.ActiveCfg = Release|Any CPU
		{BF643632-D61F-41C6-89AB-57202E30B1F7}.Ad-Hoc|x64.Build.0 = Release|Any CPU
		{BF643632-D61F-41C6-89AB-57202E30B1F7}.Ad-Hoc|x64.Deploy.0 = Release|Any CPU
		{BF643632-D61F-41C6-89AB-57202E30B1F7}.Ad-Hoc|x86.ActiveCfg = Release|Any CPU
		{BF643632-D61F-41C6-89AB-57202E30B1F7}.Ad-Hoc|x86.Build.0 = Release|Any CPU
		{BF643632-D61F-41C6-89AB-57202E30B1F7}.Ad-Hoc|x86.Deploy.0 = Release|Any CPU
		{BF643632-D61F-41C6-89AB-57202E30B1F7}.AppStore|Any CPU.ActiveCfg = Release|Any CPU
		{BF643632-D61F-41C6-89AB-57202E30B1F7}.AppStore|Any CPU.Build.0 = Release|Any CPU
		{BF643632-D61F-41C6-89AB-57202E30B1F7}.AppStore|Any CPU.Deploy.0 = Release|Any CPU
		{BF643632-D61F-41C6-89AB-57202E30B1F7}.AppStore|ARM.ActiveCfg = Release|Any CPU
		{BF643632-D61F-41C6-89AB-57202E30B1F7}.AppStore|ARM.Build.0 = Release|Any CPU
		{BF643632-D61F-41C6-89AB-57202E30B1F7}.AppStore|ARM.Deploy.0 = Release|Any CPU
		{BF643632-D61F-41C6-89AB-57202E30B1F7}.AppStore|iPhone.ActiveCfg = Release|Any CPU
		{BF643632-D61F-41C6-89AB-57202E30B1F7}.AppStore|iPhone.Build.0 = Release|Any CPU
		{BF643632-D61F-41C6-89AB-57202E30B1F7}.AppStore|iPhone.Deploy.0 = Release|Any CPU
		{BF643632-D61F-41C6-89AB-57202E30B1F7}.AppStore|iPhoneSimulator.ActiveCfg = Release|Any CPU
		{BF643632-D61F-41C6-89AB-57202E30B1F7}.AppStore|iPhoneSimulator.Build.0 = Release|Any CPU
		{BF643632-D61F-41C6-89AB-57202E30B1F7}.AppStore|iPhoneSimulator.Deploy.0 = Release|Any CPU
		{BF643632-D61F-41C6-89AB-57202E30B1F7}.AppStore|x64.ActiveCfg = Release|Any CPU
		{BF643632-D61F-41C6-89AB-57202E30B1F7}.AppStore|x64.Build.0 = Release|Any CPU
		{BF643632-D61F-41C6-89AB-57202E30B1F7}.AppStore|x64.Deploy.0 = Release|Any CPU
		{BF643632-D61F-41C6-89AB-57202E30B1F7}.AppStore|x86.ActiveCfg = Release|Any CPU
		{BF643632-D61F-41C6-89AB-57202E30B1F7}.AppStore|x86.Build.0 = Release|Any CPU
		{BF643632-D61F-41C6-89AB-57202E30B1F7}.AppStore|x86.Deploy.0 = Release|Any CPU
		{BF643632-D61F-41C6-89AB-57202E30B1F7}.Debug|Any CPU.ActiveCfg = Debug|Any CPU
		{BF643632-D61F-41C6-89AB-57202E30B1F7}.Debug|Any CPU.Build.0 = Debug|Any CPU
		{BF643632-D61F-41C6-89AB-57202E30B1F7}.Debug|Any CPU.Deploy.0 = Debug|Any CPU
		{BF643632-D61F-41C6-89AB-57202E30B1F7}.Debug|ARM.ActiveCfg = Debug|Any CPU
		{BF643632-D61F-41C6-89AB-57202E30B1F7}.Debug|ARM.Build.0 = Debug|Any CPU
		{BF643632-D61F-41C6-89AB-57202E30B1F7}.Debug|ARM.Deploy.0 = Debug|Any CPU
		{BF643632-D61F-41C6-89AB-57202E30B1F7}.Debug|iPhone.ActiveCfg = Debug|Any CPU
		{BF643632-D61F-41C6-89AB-57202E30B1F7}.Debug|iPhone.Build.0 = Debug|Any CPU
		{BF643632-D61F-41C6-89AB-57202E30B1F7}.Debug|iPhone.Deploy.0 = Debug|Any CPU
		{BF643632-D61F-41C6-89AB-57202E30B1F7}.Debug|iPhoneSimulator.ActiveCfg = Debug|Any CPU
		{BF643632-D61F-41C6-89AB-57202E30B1F7}.Debug|iPhoneSimulator.Build.0 = Debug|Any CPU
		{BF643632-D61F-41C6-89AB-57202E30B1F7}.Debug|iPhoneSimulator.Deploy.0 = Debug|Any CPU
		{BF643632-D61F-41C6-89AB-57202E30B1F7}.Debug|x64.ActiveCfg = Debug|Any CPU
		{BF643632-D61F-41C6-89AB-57202E30B1F7}.Debug|x64.Build.0 = Debug|Any CPU
		{BF643632-D61F-41C6-89AB-57202E30B1F7}.Debug|x64.Deploy.0 = Debug|Any CPU
		{BF643632-D61F-41C6-89AB-57202E30B1F7}.Debug|x86.ActiveCfg = Debug|Any CPU
		{BF643632-D61F-41C6-89AB-57202E30B1F7}.Debug|x86.Build.0 = Debug|Any CPU
		{BF643632-D61F-41C6-89AB-57202E30B1F7}.Debug|x86.Deploy.0 = Debug|Any CPU
		{BF643632-D61F-41C6-89AB-57202E30B1F7}.Release|Any CPU.ActiveCfg = Release|Any CPU
		{BF643632-D61F-41C6-89AB-57202E30B1F7}.Release|Any CPU.Build.0 = Release|Any CPU
		{BF643632-D61F-41C6-89AB-57202E30B1F7}.Release|Any CPU.Deploy.0 = Release|Any CPU
		{BF643632-D61F-41C6-89AB-57202E30B1F7}.Release|ARM.ActiveCfg = Release|Any CPU
		{BF643632-D61F-41C6-89AB-57202E30B1F7}.Release|ARM.Build.0 = Release|Any CPU
		{BF643632-D61F-41C6-89AB-57202E30B1F7}.Release|ARM.Deploy.0 = Release|Any CPU
		{BF643632-D61F-41C6-89AB-57202E30B1F7}.Release|iPhone.ActiveCfg = Release|Any CPU
		{BF643632-D61F-41C6-89AB-57202E30B1F7}.Release|iPhone.Build.0 = Release|Any CPU
		{BF643632-D61F-41C6-89AB-57202E30B1F7}.Release|iPhone.Deploy.0 = Release|Any CPU
		{BF643632-D61F-41C6-89AB-57202E30B1F7}.Release|iPhoneSimulator.ActiveCfg = Release|Any CPU
		{BF643632-D61F-41C6-89AB-57202E30B1F7}.Release|iPhoneSimulator.Build.0 = Release|Any CPU
		{BF643632-D61F-41C6-89AB-57202E30B1F7}.Release|iPhoneSimulator.Deploy.0 = Release|Any CPU
		{BF643632-D61F-41C6-89AB-57202E30B1F7}.Release|x64.ActiveCfg = Release|Any CPU
		{BF643632-D61F-41C6-89AB-57202E30B1F7}.Release|x64.Build.0 = Release|Any CPU
		{BF643632-D61F-41C6-89AB-57202E30B1F7}.Release|x64.Deploy.0 = Release|Any CPU
		{BF643632-D61F-41C6-89AB-57202E30B1F7}.Release|x86.ActiveCfg = Release|Any CPU
		{BF643632-D61F-41C6-89AB-57202E30B1F7}.Release|x86.Build.0 = Release|Any CPU
		{BF643632-D61F-41C6-89AB-57202E30B1F7}.Release|x86.Deploy.0 = Release|Any CPU
		{7208ED62-A773-4D11-B54D-3CDAA910B0D7}.Ad-Hoc|Any CPU.ActiveCfg = Ad-Hoc|iPhone
		{7208ED62-A773-4D11-B54D-3CDAA910B0D7}.Ad-Hoc|ARM.ActiveCfg = Ad-Hoc|iPhone
		{7208ED62-A773-4D11-B54D-3CDAA910B0D7}.Ad-Hoc|iPhone.ActiveCfg = Ad-Hoc|iPhone
		{7208ED62-A773-4D11-B54D-3CDAA910B0D7}.Ad-Hoc|iPhone.Build.0 = Ad-Hoc|iPhone
		{7208ED62-A773-4D11-B54D-3CDAA910B0D7}.Ad-Hoc|iPhoneSimulator.ActiveCfg = Ad-Hoc|iPhoneSimulator
		{7208ED62-A773-4D11-B54D-3CDAA910B0D7}.Ad-Hoc|iPhoneSimulator.Build.0 = Ad-Hoc|iPhoneSimulator
		{7208ED62-A773-4D11-B54D-3CDAA910B0D7}.Ad-Hoc|x64.ActiveCfg = Ad-Hoc|iPhone
		{7208ED62-A773-4D11-B54D-3CDAA910B0D7}.Ad-Hoc|x86.ActiveCfg = Ad-Hoc|iPhone
		{7208ED62-A773-4D11-B54D-3CDAA910B0D7}.AppStore|Any CPU.ActiveCfg = AppStore|iPhone
		{7208ED62-A773-4D11-B54D-3CDAA910B0D7}.AppStore|ARM.ActiveCfg = AppStore|iPhone
		{7208ED62-A773-4D11-B54D-3CDAA910B0D7}.AppStore|iPhone.ActiveCfg = AppStore|iPhone
		{7208ED62-A773-4D11-B54D-3CDAA910B0D7}.AppStore|iPhone.Build.0 = AppStore|iPhone
		{7208ED62-A773-4D11-B54D-3CDAA910B0D7}.AppStore|iPhoneSimulator.ActiveCfg = AppStore|iPhoneSimulator
		{7208ED62-A773-4D11-B54D-3CDAA910B0D7}.AppStore|iPhoneSimulator.Build.0 = AppStore|iPhoneSimulator
		{7208ED62-A773-4D11-B54D-3CDAA910B0D7}.AppStore|x64.ActiveCfg = AppStore|iPhone
		{7208ED62-A773-4D11-B54D-3CDAA910B0D7}.AppStore|x86.ActiveCfg = AppStore|iPhone
		{7208ED62-A773-4D11-B54D-3CDAA910B0D7}.Debug|Any CPU.ActiveCfg = Debug|iPhone
		{7208ED62-A773-4D11-B54D-3CDAA910B0D7}.Debug|ARM.ActiveCfg = Debug|iPhone
		{7208ED62-A773-4D11-B54D-3CDAA910B0D7}.Debug|iPhone.ActiveCfg = Debug|iPhone
		{7208ED62-A773-4D11-B54D-3CDAA910B0D7}.Debug|iPhone.Build.0 = Debug|iPhone
		{7208ED62-A773-4D11-B54D-3CDAA910B0D7}.Debug|iPhoneSimulator.ActiveCfg = Debug|iPhoneSimulator
		{7208ED62-A773-4D11-B54D-3CDAA910B0D7}.Debug|iPhoneSimulator.Build.0 = Debug|iPhoneSimulator
		{7208ED62-A773-4D11-B54D-3CDAA910B0D7}.Debug|x64.ActiveCfg = Debug|iPhone
		{7208ED62-A773-4D11-B54D-3CDAA910B0D7}.Debug|x86.ActiveCfg = Debug|iPhone
		{7208ED62-A773-4D11-B54D-3CDAA910B0D7}.Release|Any CPU.ActiveCfg = Release|iPhone
		{7208ED62-A773-4D11-B54D-3CDAA910B0D7}.Release|ARM.ActiveCfg = Release|iPhone
		{7208ED62-A773-4D11-B54D-3CDAA910B0D7}.Release|iPhone.ActiveCfg = Release|iPhone
		{7208ED62-A773-4D11-B54D-3CDAA910B0D7}.Release|iPhone.Build.0 = Release|iPhone
		{7208ED62-A773-4D11-B54D-3CDAA910B0D7}.Release|iPhoneSimulator.ActiveCfg = Release|iPhoneSimulator
		{7208ED62-A773-4D11-B54D-3CDAA910B0D7}.Release|iPhoneSimulator.Build.0 = Release|iPhoneSimulator
		{7208ED62-A773-4D11-B54D-3CDAA910B0D7}.Release|x64.ActiveCfg = Release|iPhone
		{7208ED62-A773-4D11-B54D-3CDAA910B0D7}.Release|x86.ActiveCfg = Release|iPhone
		{80016A20-C1BC-4577-8ADE-DEF590032993}.Ad-Hoc|Any CPU.ActiveCfg = Release|x86
		{80016A20-C1BC-4577-8ADE-DEF590032993}.Ad-Hoc|Any CPU.Build.0 = Release|x86
		{80016A20-C1BC-4577-8ADE-DEF590032993}.Ad-Hoc|Any CPU.Deploy.0 = Release|x86
		{80016A20-C1BC-4577-8ADE-DEF590032993}.Ad-Hoc|ARM.ActiveCfg = Release|ARM
		{80016A20-C1BC-4577-8ADE-DEF590032993}.Ad-Hoc|ARM.Build.0 = Release|ARM
		{80016A20-C1BC-4577-8ADE-DEF590032993}.Ad-Hoc|ARM.Deploy.0 = Release|ARM
		{80016A20-C1BC-4577-8ADE-DEF590032993}.Ad-Hoc|iPhone.ActiveCfg = Release|x86
		{80016A20-C1BC-4577-8ADE-DEF590032993}.Ad-Hoc|iPhone.Build.0 = Release|x86
		{80016A20-C1BC-4577-8ADE-DEF590032993}.Ad-Hoc|iPhone.Deploy.0 = Release|x86
		{80016A20-C1BC-4577-8ADE-DEF590032993}.Ad-Hoc|iPhoneSimulator.ActiveCfg = Release|x86
		{80016A20-C1BC-4577-8ADE-DEF590032993}.Ad-Hoc|iPhoneSimulator.Build.0 = Release|x86
		{80016A20-C1BC-4577-8ADE-DEF590032993}.Ad-Hoc|iPhoneSimulator.Deploy.0 = Release|x86
		{80016A20-C1BC-4577-8ADE-DEF590032993}.Ad-Hoc|x64.ActiveCfg = Release|x64
		{80016A20-C1BC-4577-8ADE-DEF590032993}.Ad-Hoc|x64.Build.0 = Release|x64
		{80016A20-C1BC-4577-8ADE-DEF590032993}.Ad-Hoc|x64.Deploy.0 = Release|x64
		{80016A20-C1BC-4577-8ADE-DEF590032993}.Ad-Hoc|x86.ActiveCfg = Release|x86
		{80016A20-C1BC-4577-8ADE-DEF590032993}.Ad-Hoc|x86.Build.0 = Release|x86
		{80016A20-C1BC-4577-8ADE-DEF590032993}.Ad-Hoc|x86.Deploy.0 = Release|x86
		{80016A20-C1BC-4577-8ADE-DEF590032993}.AppStore|Any CPU.ActiveCfg = Release|x86
		{80016A20-C1BC-4577-8ADE-DEF590032993}.AppStore|Any CPU.Build.0 = Release|x86
		{80016A20-C1BC-4577-8ADE-DEF590032993}.AppStore|Any CPU.Deploy.0 = Release|x86
		{80016A20-C1BC-4577-8ADE-DEF590032993}.AppStore|ARM.ActiveCfg = Release|ARM
		{80016A20-C1BC-4577-8ADE-DEF590032993}.AppStore|ARM.Build.0 = Release|ARM
		{80016A20-C1BC-4577-8ADE-DEF590032993}.AppStore|ARM.Deploy.0 = Release|ARM
		{80016A20-C1BC-4577-8ADE-DEF590032993}.AppStore|iPhone.ActiveCfg = Release|x86
		{80016A20-C1BC-4577-8ADE-DEF590032993}.AppStore|iPhone.Build.0 = Release|x86
		{80016A20-C1BC-4577-8ADE-DEF590032993}.AppStore|iPhone.Deploy.0 = Release|x86
		{80016A20-C1BC-4577-8ADE-DEF590032993}.AppStore|iPhoneSimulator.ActiveCfg = Release|x86
		{80016A20-C1BC-4577-8ADE-DEF590032993}.AppStore|iPhoneSimulator.Build.0 = Release|x86
		{80016A20-C1BC-4577-8ADE-DEF590032993}.AppStore|iPhoneSimulator.Deploy.0 = Release|x86
		{80016A20-C1BC-4577-8ADE-DEF590032993}.AppStore|x64.ActiveCfg = Release|x64
		{80016A20-C1BC-4577-8ADE-DEF590032993}.AppStore|x64.Build.0 = Release|x64
		{80016A20-C1BC-4577-8ADE-DEF590032993}.AppStore|x64.Deploy.0 = Release|x64
		{80016A20-C1BC-4577-8ADE-DEF590032993}.AppStore|x86.ActiveCfg = Release|x86
		{80016A20-C1BC-4577-8ADE-DEF590032993}.AppStore|x86.Build.0 = Release|x86
		{80016A20-C1BC-4577-8ADE-DEF590032993}.AppStore|x86.Deploy.0 = Release|x86
		{80016A20-C1BC-4577-8ADE-DEF590032993}.Debug|Any CPU.ActiveCfg = Debug|x86
		{80016A20-C1BC-4577-8ADE-DEF590032993}.Debug|ARM.ActiveCfg = Debug|ARM
		{80016A20-C1BC-4577-8ADE-DEF590032993}.Debug|ARM.Build.0 = Debug|ARM
		{80016A20-C1BC-4577-8ADE-DEF590032993}.Debug|ARM.Deploy.0 = Debug|ARM
		{80016A20-C1BC-4577-8ADE-DEF590032993}.Debug|iPhone.ActiveCfg = Debug|x86
		{80016A20-C1BC-4577-8ADE-DEF590032993}.Debug|iPhoneSimulator.ActiveCfg = Debug|x86
		{80016A20-C1BC-4577-8ADE-DEF590032993}.Debug|x64.ActiveCfg = Debug|x64
		{80016A20-C1BC-4577-8ADE-DEF590032993}.Debug|x64.Build.0 = Debug|x64
		{80016A20-C1BC-4577-8ADE-DEF590032993}.Debug|x64.Deploy.0 = Debug|x64
		{80016A20-C1BC-4577-8ADE-DEF590032993}.Debug|x86.ActiveCfg = Debug|x86
		{80016A20-C1BC-4577-8ADE-DEF590032993}.Debug|x86.Build.0 = Debug|x86
		{80016A20-C1BC-4577-8ADE-DEF590032993}.Debug|x86.Deploy.0 = Debug|x86
		{80016A20-C1BC-4577-8ADE-DEF590032993}.Release|Any CPU.ActiveCfg = Release|x86
		{80016A20-C1BC-4577-8ADE-DEF590032993}.Release|ARM.ActiveCfg = Release|ARM
		{80016A20-C1BC-4577-8ADE-DEF590032993}.Release|ARM.Build.0 = Release|ARM
		{80016A20-C1BC-4577-8ADE-DEF590032993}.Release|ARM.Deploy.0 = Release|ARM
		{80016A20-C1BC-4577-8ADE-DEF590032993}.Release|iPhone.ActiveCfg = Release|x86
		{80016A20-C1BC-4577-8ADE-DEF590032993}.Release|iPhoneSimulator.ActiveCfg = Release|x86
		{80016A20-C1BC-4577-8ADE-DEF590032993}.Release|x64.ActiveCfg = Release|x64
		{80016A20-C1BC-4577-8ADE-DEF590032993}.Release|x64.Build.0 = Release|x64
		{80016A20-C1BC-4577-8ADE-DEF590032993}.Release|x64.Deploy.0 = Release|x64
		{80016A20-C1BC-4577-8ADE-DEF590032993}.Release|x86.ActiveCfg = Release|x86
		{80016A20-C1BC-4577-8ADE-DEF590032993}.Release|x86.Build.0 = Release|x86
		{80016A20-C1BC-4577-8ADE-DEF590032993}.Release|x86.Deploy.0 = Release|x86
		{4E33D1AC-7A85-469B-B3FF-93FAB0FFC50B}.Ad-Hoc|Any CPU.ActiveCfg = Debug|Any CPU
		{4E33D1AC-7A85-469B-B3FF-93FAB0FFC50B}.Ad-Hoc|Any CPU.Build.0 = Debug|Any CPU
		{4E33D1AC-7A85-469B-B3FF-93FAB0FFC50B}.Ad-Hoc|ARM.ActiveCfg = Debug|Any CPU
		{4E33D1AC-7A85-469B-B3FF-93FAB0FFC50B}.Ad-Hoc|ARM.Build.0 = Debug|Any CPU
		{4E33D1AC-7A85-469B-B3FF-93FAB0FFC50B}.Ad-Hoc|iPhone.ActiveCfg = Debug|Any CPU
		{4E33D1AC-7A85-469B-B3FF-93FAB0FFC50B}.Ad-Hoc|iPhone.Build.0 = Debug|Any CPU
		{4E33D1AC-7A85-469B-B3FF-93FAB0FFC50B}.Ad-Hoc|iPhoneSimulator.ActiveCfg = Debug|Any CPU
		{4E33D1AC-7A85-469B-B3FF-93FAB0FFC50B}.Ad-Hoc|iPhoneSimulator.Build.0 = Debug|Any CPU
		{4E33D1AC-7A85-469B-B3FF-93FAB0FFC50B}.Ad-Hoc|x64.ActiveCfg = Debug|Any CPU
		{4E33D1AC-7A85-469B-B3FF-93FAB0FFC50B}.Ad-Hoc|x64.Build.0 = Debug|Any CPU
		{4E33D1AC-7A85-469B-B3FF-93FAB0FFC50B}.Ad-Hoc|x86.ActiveCfg = Debug|Any CPU
		{4E33D1AC-7A85-469B-B3FF-93FAB0FFC50B}.Ad-Hoc|x86.Build.0 = Debug|Any CPU
		{4E33D1AC-7A85-469B-B3FF-93FAB0FFC50B}.AppStore|Any CPU.ActiveCfg = Debug|Any CPU
		{4E33D1AC-7A85-469B-B3FF-93FAB0FFC50B}.AppStore|Any CPU.Build.0 = Debug|Any CPU
		{4E33D1AC-7A85-469B-B3FF-93FAB0FFC50B}.AppStore|ARM.ActiveCfg = Debug|Any CPU
		{4E33D1AC-7A85-469B-B3FF-93FAB0FFC50B}.AppStore|ARM.Build.0 = Debug|Any CPU
		{4E33D1AC-7A85-469B-B3FF-93FAB0FFC50B}.AppStore|iPhone.ActiveCfg = Debug|Any CPU
		{4E33D1AC-7A85-469B-B3FF-93FAB0FFC50B}.AppStore|iPhone.Build.0 = Debug|Any CPU
		{4E33D1AC-7A85-469B-B3FF-93FAB0FFC50B}.AppStore|iPhoneSimulator.ActiveCfg = Debug|Any CPU
		{4E33D1AC-7A85-469B-B3FF-93FAB0FFC50B}.AppStore|iPhoneSimulator.Build.0 = Debug|Any CPU
		{4E33D1AC-7A85-469B-B3FF-93FAB0FFC50B}.AppStore|x64.ActiveCfg = Debug|Any CPU
		{4E33D1AC-7A85-469B-B3FF-93FAB0FFC50B}.AppStore|x64.Build.0 = Debug|Any CPU
		{4E33D1AC-7A85-469B-B3FF-93FAB0FFC50B}.AppStore|x86.ActiveCfg = Debug|Any CPU
		{4E33D1AC-7A85-469B-B3FF-93FAB0FFC50B}.AppStore|x86.Build.0 = Debug|Any CPU
		{4E33D1AC-7A85-469B-B3FF-93FAB0FFC50B}.Debug|Any CPU.ActiveCfg = Debug|Any CPU
		{4E33D1AC-7A85-469B-B3FF-93FAB0FFC50B}.Debug|Any CPU.Build.0 = Debug|Any CPU
		{4E33D1AC-7A85-469B-B3FF-93FAB0FFC50B}.Debug|ARM.ActiveCfg = Debug|Any CPU
		{4E33D1AC-7A85-469B-B3FF-93FAB0FFC50B}.Debug|ARM.Build.0 = Debug|Any CPU
		{4E33D1AC-7A85-469B-B3FF-93FAB0FFC50B}.Debug|iPhone.ActiveCfg = Debug|Any CPU
		{4E33D1AC-7A85-469B-B3FF-93FAB0FFC50B}.Debug|iPhone.Build.0 = Debug|Any CPU
		{4E33D1AC-7A85-469B-B3FF-93FAB0FFC50B}.Debug|iPhoneSimulator.ActiveCfg = Debug|Any CPU
		{4E33D1AC-7A85-469B-B3FF-93FAB0FFC50B}.Debug|iPhoneSimulator.Build.0 = Debug|Any CPU
		{4E33D1AC-7A85-469B-B3FF-93FAB0FFC50B}.Debug|x64.ActiveCfg = Debug|Any CPU
		{4E33D1AC-7A85-469B-B3FF-93FAB0FFC50B}.Debug|x64.Build.0 = Debug|Any CPU
		{4E33D1AC-7A85-469B-B3FF-93FAB0FFC50B}.Debug|x86.ActiveCfg = Debug|Any CPU
		{4E33D1AC-7A85-469B-B3FF-93FAB0FFC50B}.Debug|x86.Build.0 = Debug|Any CPU
		{4E33D1AC-7A85-469B-B3FF-93FAB0FFC50B}.Release|Any CPU.ActiveCfg = Release|Any CPU
		{4E33D1AC-7A85-469B-B3FF-93FAB0FFC50B}.Release|Any CPU.Build.0 = Release|Any CPU
		{4E33D1AC-7A85-469B-B3FF-93FAB0FFC50B}.Release|ARM.ActiveCfg = Release|Any CPU
		{4E33D1AC-7A85-469B-B3FF-93FAB0FFC50B}.Release|ARM.Build.0 = Release|Any CPU
		{4E33D1AC-7A85-469B-B3FF-93FAB0FFC50B}.Release|iPhone.ActiveCfg = Release|Any CPU
		{4E33D1AC-7A85-469B-B3FF-93FAB0FFC50B}.Release|iPhone.Build.0 = Release|Any CPU
		{4E33D1AC-7A85-469B-B3FF-93FAB0FFC50B}.Release|iPhoneSimulator.ActiveCfg = Release|Any CPU
		{4E33D1AC-7A85-469B-B3FF-93FAB0FFC50B}.Release|iPhoneSimulator.Build.0 = Release|Any CPU
		{4E33D1AC-7A85-469B-B3FF-93FAB0FFC50B}.Release|x64.ActiveCfg = Release|Any CPU
		{4E33D1AC-7A85-469B-B3FF-93FAB0FFC50B}.Release|x64.Build.0 = Release|Any CPU
		{4E33D1AC-7A85-469B-B3FF-93FAB0FFC50B}.Release|x86.ActiveCfg = Release|Any CPU
		{4E33D1AC-7A85-469B-B3FF-93FAB0FFC50B}.Release|x86.Build.0 = Release|Any CPU
	EndGlobalSection
	GlobalSection(SolutionProperties) = preSolution
		HideSolutionNode = FALSE
	EndGlobalSection
	GlobalSection(ExtensibilityGlobals) = postSolution
		SolutionGuid = {49270C1F-8A95-4D10-99E6-96D40A5F8BE2}
	EndGlobalSection
EndGlobal
